# This file is automatically @generated by Cargo.
# It is not intended for manual editing.
[[package]]
name = "libc"
version = "0.2.74"
source = "registry+https://github.com/rust-lang/crates.io-index"
checksum = "a2f02823cf78b754822df5f7f268fb59822e7296276d3e069d8e8cb26a14bd10"

[[package]]
name = "sv"
version = "0.1.0"
dependencies = [
 "sysinfo",
]

[[package]]
name = "sysinfo"
version = "0.3.19"
source = "registry+https://github.com/rust-lang/crates.io-index"
checksum = "953067ed3a538fd8e5fe4a6b4ddbbdedd348a3421f8a3b2aa97f2ca06f8ea57e"
dependencies = [
 "libc",
]
